// !$*UTF8*$!
{
	archiveVersion = 1;
	classes = {
	};
	objectVersion = 56;
	objects = {

/* Begin PBXBuildFile section */
		D8B46E312ABE89A5006A046B /* amosApp.swift in Sources */ = {isa = PBXBuildFile; fileRef = D8B46E302ABE89A5006A046B /* amosApp.swift */; };
		D8B46E332ABE89A5006A046B /* ContentView.swift in Sources */ = {isa = PBXBuildFile; fileRef = D8B46E322ABE89A5006A046B /* ContentView.swift */; };
		D8B46E352ABE89A6006A046B /* Assets.xcassets in Resources */ = {isa = PBXBuildFile; fileRef = D8B46E342ABE89A6006A046B /* Assets.xcassets */; };
		D8B46E382ABE89A6006A046B /* Preview Assets.xcassets in Resources */ = {isa = PBXBuildFile; fileRef = D8B46E372ABE89A6006A046B /* Preview Assets.xcassets */; };
		D8B46E432ABE89A6006A046B /* amosTests.swift in Sources */ = {isa = PBXBuildFile; fileRef = D8B46E422ABE89A6006A046B /* amosTests.swift */; };
		D8B46E4D2ABE89A6006A046B /* amosUITests.swift in Sources */ = {isa = PBXBuildFile; fileRef = D8B46E4C2ABE89A6006A046B /* amosUITests.swift */; };
		D8B46E4F2ABE89A6006A046B /* amosUITestsLaunchTests.swift in Sources */ = {isa = PBXBuildFile; fileRef = D8B46E4E2ABE89A6006A046B /* amosUITestsLaunchTests.swift */; };
/* End PBXBuildFile section */

/* Begin PBXContainerItemProxy section */
		D8B46E3F2ABE89A6006A046B /* PBXContainerItemProxy */ = {
			isa = PBXContainerItemProxy;
			containerPortal = D8B46E252ABE89A5006A046B /* Project object */;
			proxyType = 1;
			remoteGlobalIDString = D8B46E2C2ABE89A5006A046B;
			remoteInfo = amos;
		};
		D8B46E492ABE89A6006A046B /* PBXContainerItemProxy */ = {
			isa = PBXContainerItemProxy;
			containerPortal = D8B46E252ABE89A5006A046B /* Project object */;
			proxyType = 1;
			remoteGlobalIDString = D8B46E2C2ABE89A5006A046B;
			remoteInfo = amos;
		};
/* End PBXContainerItemProxy section */

/* Begin PBXFileReference section */
		D8B46E2D2ABE89A5006A046B /* amos.app */ = {isa = PBXFileReference; explicitFileType = wrapper.application; includeInIndex = 0; path = amos.app; sourceTree = BUILT_PRODUCTS_DIR; };
		D8B46E302ABE89A5006A046B /* amosApp.swift */ = {isa = PBXFileReference; lastKnownFileType = sourcecode.swift; path = amosApp.swift; sourceTree = "<group>"; };
		D8B46E322ABE89A5006A046B /* ContentView.swift */ = {isa = PBXFileReference; lastKnownFileType = sourcecode.swift; path = ContentView.swift; sourceTree = "<group>"; };
		D8B46E342ABE89A6006A046B /* Assets.xcassets */ = {isa = PBXFileReference; lastKnownFileType = folder.assetcatalog; path = Assets.xcassets; sourceTree = "<group>"; };
		D8B46E372ABE89A6006A046B /* Preview Assets.xcassets */ = {isa = PBXFileReference; lastKnownFileType = folder.assetcatalog; path = "Preview Assets.xcassets"; sourceTree = "<group>"; };
		D8B46E392ABE89A6006A046B /* amos.entitlements */ = {isa = PBXFileReference; lastKnownFileType = text.plist.entitlements; path = amos.entitlements; sourceTree = "<group>"; };
		D8B46E3E2ABE89A6006A046B /* amosTests.xctest */ = {isa = PBXFileReference; explicitFileType = wrapper.cfbundle; includeInIndex = 0; path = amosTests.xctest; sourceTree = BUILT_PRODUCTS_DIR; };
		D8B46E422ABE89A6006A046B /* amosTests.swift */ = {isa = PBXFileReference; lastKnownFileType = sourcecode.swift; path = amosTests.swift; sourceTree = "<group>"; };
		D8B46E482ABE89A6006A046B /* amosUITests.xctest */ = {isa = PBXFileReference; explicitFileType = wrapper.cfbundle; includeInIndex = 0; path = amosUITests.xctest; sourceTree = BUILT_PRODUCTS_DIR; };
		D8B46E4C2ABE89A6006A046B /* amosUITests.swift */ = {isa = PBXFileReference; lastKnownFileType = sourcecode.swift; path = amosUITests.swift; sourceTree = "<group>"; };
		D8B46E4E2ABE89A6006A046B /* amosUITestsLaunchTests.swift */ = {isa = PBXFileReference; lastKnownFileType = sourcecode.swift; path = amosUITestsLaunchTests.swift; sourceTree = "<group>"; };
/* End PBXFileReference section */

/* Begin PBXFrameworksBuildPhase section */
		D8B46E2A2ABE89A5006A046B /* Frameworks */ = {
			isa = PBXFrameworksBuildPhase;
			buildActionMask = 2147483647;
			files = (
			);
			runOnlyForDeploymentPostprocessing = 0;
		};
		D8B46E3B2ABE89A6006A046B /* Frameworks */ = {
			isa = PBXFrameworksBuildPhase;
			buildActionMask = 2147483647;
			files = (
			);
			runOnlyForDeploymentPostprocessing = 0;
		};
		D8B46E452ABE89A6006A046B /* Frameworks */ = {
			isa = PBXFrameworksBuildPhase;
			buildActionMask = 2147483647;
			files = (
			);
			runOnlyForDeploymentPostprocessing = 0;
		};
/* End PBXFrameworksBuildPhase section */

/* Begin PBXGroup section */
		D8B46E242ABE89A5006A046B = {
			isa = PBXGroup;
			children = (
				D8B46E2F2ABE89A5006A046B /* amos */,
				D8B46E412ABE89A6006A046B /* amosTests */,
				D8B46E4B2ABE89A6006A046B /* amosUITests */,
				D8B46E2E2ABE89A5006A046B /* Products */,
			);
			sourceTree = "<group>";
		};
		D8B46E2E2ABE89A5006A046B /* Products */ = {
			isa = PBXGroup;
			children = (
				D8B46E2D2ABE89A5006A046B /* amos.app */,
				D8B46E3E2ABE89A6006A046B /* amosTests.xctest */,
				D8B46E482ABE89A6006A046B /* amosUITests.xctest */,
			);
			name = Products;
			sourceTree = "<group>";
		};
		D8B46E2F2ABE89A5006A046B /* amos */ = {
			isa = PBXGroup;
			children = (
				D8B46E302ABE89A5006A046B /* amosApp.swift */,
				D8B46E322ABE89A5006A046B /* ContentView.swift */,
				D8B46E342ABE89A6006A046B /* Assets.xcassets */,
				D8B46E392ABE89A6006A046B /* amos.entitlements */,
				D8B46E362ABE89A6006A046B /* Preview Content */,
			);
			path = amos;
			sourceTree = "<group>";
		};
		D8B46E362ABE89A6006A046B /* Preview Content */ = {
			isa = PBXGroup;
			children = (
				D8B46E372ABE89A6006A046B /* Preview Assets.xcassets */,
			);
			path = "Preview Content";
			sourceTree = "<group>";
		};
		D8B46E412ABE89A6006A046B /* amosTests */ = {
			isa = PBXGroup;
			children = (
				D8B46E422ABE89A6006A046B /* amosTests.swift */,
			);
			path = amosTests;
			sourceTree = "<group>";
		};
		D8B46E4B2ABE89A6006A046B /* amosUITests */ = {
			isa = PBXGroup;
			children = (
				D8B46E4C2ABE89A6006A046B /* amosUITests.swift */,
				D8B46E4E2ABE89A6006A046B /* amosUITestsLaunchTests.swift */,
			);
			path = amosUITests;
			sourceTree = "<group>";
		};
/* End PBXGroup section */

/* Begin PBXNativeTarget section */
		D8B46E2C2ABE89A5006A046B /* amos */ = {
			isa = PBXNativeTarget;
			buildConfigurationList = D8B46E522ABE89A6006A046B /* Build configuration list for PBXNativeTarget "amos" */;
			buildPhases = (
				D8B46E292ABE89A5006A046B /* Sources */,
				D8B46E2A2ABE89A5006A046B /* Frameworks */,
				D8B46E2B2ABE89A5006A046B /* Resources */,
			);
			buildRules = (
			);
			dependencies = (
			);
			name = amos;
			productName = amos;
			productReference = D8B46E2D2ABE89A5006A046B /* amos.app */;
			productType = "com.apple.product-type.application";
		};
		D8B46E3D2ABE89A6006A046B /* amosTests */ = {
			isa = PBXNativeTarget;
			buildConfigurationList = D8B46E552ABE89A6006A046B /* Build configuration list for PBXNativeTarget "amosTests" */;
			buildPhases = (
				D8B46E3A2ABE89A6006A046B /* Sources */,
				D8B46E3B2ABE89A6006A046B /* Frameworks */,
				D8B46E3C2ABE89A6006A046B /* Resources */,
			);
			buildRules = (
			);
			dependencies = (
				D8B46E402ABE89A6006A046B /* PBXTargetDependency */,
			);
			name = amosTests;
			productName = amosTests;
			productReference = D8B46E3E2ABE89A6006A046B /* amosTests.xctest */;
			productType = "com.apple.product-type.bundle.unit-test";
		};
		D8B46E472ABE89A6006A046B /* amosUITests */ = {
			isa = PBXNativeTarget;
			buildConfigurationList = D8B46E582ABE89A6006A046B /* Build configuration list for PBXNativeTarget "amosUITests" */;
			buildPhases = (
				D8B46E442ABE89A6006A046B /* Sources */,
				D8B46E452ABE89A6006A046B /* Frameworks */,
				D8B46E462ABE89A6006A046B /* Resources */,
			);
			buildRules = (
			);
			dependencies = (
				D8B46E4A2ABE89A6006A046B /* PBXTargetDependency */,
			);
			name = amosUITests;
			productName = amosUITests;
			productReference = D8B46E482ABE89A6006A046B /* amosUITests.xctest */;
			productType = "com.apple.product-type.bundle.ui-testing";
		};
/* End PBXNativeTarget section */

/* Begin PBXProject section */
		D8B46E252ABE89A5006A046B /* Project object */ = {
			isa = PBXProject;
			attributes = {
				BuildIndependentTargetsInParallel = 1;
				LastSwiftUpdateCheck = 1430;
				LastUpgradeCheck = 1430;
				TargetAttributes = {
					D8B46E2C2ABE89A5006A046B = {
						CreatedOnToolsVersion = 14.3.1;
					};
					D8B46E3D2ABE89A6006A046B = {
						CreatedOnToolsVersion = 14.3.1;
						TestTargetID = D8B46E2C2ABE89A5006A046B;
					};
					D8B46E472ABE89A6006A046B = {
						CreatedOnToolsVersion = 14.3.1;
						TestTargetID = D8B46E2C2ABE89A5006A046B;
					};
				};
			};
			buildConfigurationList = D8B46E282ABE89A5006A046B /* Build configuration list for PBXProject "amos" */;
			compatibilityVersion = "Xcode 14.0";
			developmentRegion = en;
			hasScannedForEncodings = 0;
			knownRegions = (
				en,
				Base,
			);
			mainGroup = D8B46E242ABE89A5006A046B;
			productRefGroup = D8B46E2E2ABE89A5006A046B /* Products */;
			projectDirPath = "";
			projectRoot = "";
			targets = (
				D8B46E2C2ABE89A5006A046B /* amos */,
				D8B46E3D2ABE89A6006A046B /* amosTests */,
				D8B46E472ABE89A6006A046B /* amosUITests */,
			);
		};
/* End PBXProject section */

/* Begin PBXResourcesBuildPhase section */
		D8B46E2B2ABE89A5006A046B /* Resources */ = {
			isa = PBXResourcesBuildPhase;
			buildActionMask = 2147483647;
			files = (
				D8B46E382ABE89A6006A046B /* Preview Assets.xcassets in Resources */,
				D8B46E352ABE89A6006A046B /* Assets.xcassets in Resources */,
			);
			runOnlyForDeploymentPostprocessing = 0;
		};
		D8B46E3C2ABE89A6006A046B /* Resources */ = {
			isa = PBXResourcesBuildPhase;
			buildActionMask = 2147483647;
			files = (
			);
			runOnlyForDeploymentPostprocessing = 0;
		};
		D8B46E462ABE89A6006A046B /* Resources */ = {
			isa = PBXResourcesBuildPhase;
			buildActionMask = 2147483647;
			files = (
			);
			runOnlyForDeploymentPostprocessing = 0;
		};
/* End PBXResourcesBuildPhase section */

/* Begin PBXSourcesBuildPhase section */
		D8B46E292ABE89A5006A046B /* Sources */ = {
			isa = PBXSourcesBuildPhase;
			buildActionMask = 2147483647;
			files = (
				D8B46E332ABE89A5006A046B /* ContentView.swift in Sources */,
				D8B46E312ABE89A5006A046B /* amosApp.swift in Sources */,
			);
			runOnlyForDeploymentPostprocessing = 0;
		};
		D8B46E3A2ABE89A6006A046B /* Sources */ = {
			isa = PBXSourcesBuildPhase;
			buildActionMask = 2147483647;
			files = (
				D8B46E432ABE89A6006A046B /* amosTests.swift in Sources */,
			);
			runOnlyForDeploymentPostprocessing = 0;
		};
		D8B46E442ABE89A6006A046B /* Sources */ = {
			isa = PBXSourcesBuildPhase;
			buildActionMask = 2147483647;
			files = (
				D8B46E4F2ABE89A6006A046B /* amosUITestsLaunchTests.swift in Sources */,
				D8B46E4D2ABE89A6006A046B /* amosUITests.swift in Sources */,
			);
			runOnlyForDeploymentPostprocessing = 0;
		};
/* End PBXSourcesBuildPhase section */

/* Begin PBXTargetDependency section */
		D8B46E402ABE89A6006A046B /* PBXTargetDependency */ = {
			isa = PBXTargetDependency;
			target = D8B46E2C2ABE89A5006A046B /* amos */;
			targetProxy = D8B46E3F2ABE89A6006A046B /* PBXContainerItemProxy */;
		};
		D8B46E4A2ABE89A6006A046B /* PBXTargetDependency */ = {
			isa = PBXTargetDependency;
			target = D8B46E2C2ABE89A5006A046B /* amos */;
			targetProxy = D8B46E492ABE89A6006A046B /* PBXContainerItemProxy */;
		};
/* End PBXTargetDependency section */

/* Begin XCBuildConfiguration section */
		D8B46E502ABE89A6006A046B /* Debug */ = {
			isa = XCBuildConfiguration;
			buildSettings = {
				ALWAYS_SEARCH_USER_PATHS = NO;
				CLANG_ANALYZER_NONNULL = YES;
				CLANG_ANALYZER_NUMBER_OBJECT_CONVERSION = YES_AGGRESSIVE;
				CLANG_CXX_LANGUAGE_STANDARD = "gnu++20";
				CLANG_ENABLE_MODULES = YES;
				CLANG_ENABLE_OBJC_ARC = YES;
				CLANG_ENABLE_OBJC_WEAK = YES;
				CLANG_WARN_BLOCK_CAPTURE_AUTORELEASING = YES;
				CLANG_WARN_BOOL_CONVERSION = YES;
				CLANG_WARN_COMMA = YES;
				CLANG_WARN_CONSTANT_CONVERSION = YES;
				CLANG_WARN_DEPRECATED_OBJC_IMPLEMENTATIONS = YES;
				CLANG_WARN_DIRECT_OBJC_ISA_USAGE = YES_ERROR;
				CLANG_WARN_DOCUMENTATION_COMMENTS = YES;
				CLANG_WARN_EMPTY_BODY = YES;
				CLANG_WARN_ENUM_CONVERSION = YES;
				CLANG_WARN_INFINITE_RECURSION = YES;
				CLANG_WARN_INT_CONVERSION = YES;
				CLANG_WARN_NON_LITERAL_NULL_CONVERSION = YES;
				CLANG_WARN_OBJC_IMPLICIT_RETAIN_SELF = YES;
				CLANG_WARN_OBJC_LITERAL_CONVERSION = YES;
				CLANG_WARN_OBJC_ROOT_CLASS = YES_ERROR;
				CLANG_WARN_QUOTED_INCLUDE_IN_FRAMEWORK_HEADER = YES;
				CLANG_WARN_RANGE_LOOP_ANALYSIS = YES;
				CLANG_WARN_STRICT_PROTOTYPES = YES;
				CLANG_WARN_SUSPICIOUS_MOVE = YES;
				CLANG_WARN_UNGUARDED_AVAILABILITY = YES_AGGRESSIVE;
				CLANG_WARN_UNREACHABLE_CODE = YES;
				CLANG_WARN__DUPLICATE_METHOD_MATCH = YES;
				COPY_PHASE_STRIP = NO;
				DEBUG_INFORMATION_FORMAT = dwarf;
				ENABLE_STRICT_OBJC_MSGSEND = YES;
				ENABLE_TESTABILITY = YES;
				GCC_C_LANGUAGE_STANDARD = gnu11;
				GCC_DYNAMIC_NO_PIC = NO;
				GCC_NO_COMMON_BLOCKS = YES;
				GCC_OPTIMIZATION_LEVEL = 0;
				GCC_PREPROCESSOR_DEFINITIONS = (
					"DEBUG=1",
					"$(inherited)",
				);
				GCC_WARN_64_TO_32_BIT_CONVERSION = YES;
				GCC_WARN_ABOUT_RETURN_TYPE = YES_ERROR;
				GCC_WARN_UNDECLARED_SELECTOR = YES;
				GCC_WARN_UNINITIALIZED_AUTOS = YES_AGGRESSIVE;
				GCC_WARN_UNUSED_FUNCTION = YES;
				GCC_WARN_UNUSED_VARIABLE = YES;
				MACOSX_DEPLOYMENT_TARGET = 13.2;
				MTL_ENABLE_DEBUG_INFO = INCLUDE_SOURCE;
				MTL_FAST_MATH = YES;
				ONLY_ACTIVE_ARCH = YES;
				SDKROOT = macosx;
				SWIFT_ACTIVE_COMPILATION_CONDITIONS = DEBUG;
				SWIFT_OPTIMIZATION_LEVEL = "-Onone";
			};
			name = Debug;
		};
		D8B46E512ABE89A6006A046B /* Release */ = {
			isa = XCBuildConfiguration;
			buildSettings = {
				ALWAYS_SEARCH_USER_PATHS = NO;
				CLANG_ANALYZER_NONNULL = YES;
				CLANG_ANALYZER_NUMBER_OBJECT_CONVERSION = YES_AGGRESSIVE;
				CLANG_CXX_LANGUAGE_STANDARD = "gnu++20";
				CLANG_ENABLE_MODULES = YES;
				CLANG_ENABLE_OBJC_ARC = YES;
				CLANG_ENABLE_OBJC_WEAK = YES;
				CLANG_WARN_BLOCK_CAPTURE_AUTORELEASING = YES;
				CLANG_WARN_BOOL_CONVERSION = YES;
				CLANG_WARN_COMMA = YES;
				CLANG_WARN_CONSTANT_CONVERSION = YES;
				CLANG_WARN_DEPRECATED_OBJC_IMPLEMENTATIONS = YES;
				CLANG_WARN_DIRECT_OBJC_ISA_USAGE = YES_ERROR;
				CLANG_WARN_DOCUMENTATION_COMMENTS = YES;
				CLANG_WARN_EMPTY_BODY = YES;
				CLANG_WARN_ENUM_CONVERSION = YES;
				CLANG_WARN_INFINITE_RECURSION = YES;
				CLANG_WARN_INT_CONVERSION = YES;
				CLANG_WARN_NON_LITERAL_NULL_CONVERSION = YES;
				CLANG_WARN_OBJC_IMPLICIT_RETAIN_SELF = YES;
				CLANG_WARN_OBJC_LITERAL_CONVERSION = YES;
				CLANG_WARN_OBJC_ROOT_CLASS = YES_ERROR;
				CLANG_WARN_QUOTED_INCLUDE_IN_FRAMEWORK_HEADER = YES;
				CLANG_WARN_RANGE_LOOP_ANALYSIS = YES;
				CLANG_WARN_STRICT_PROTOTYPES = YES;
				CLANG_WARN_SUSPICIOUS_MOVE = YES;
				CLANG_WARN_UNGUARDED_AVAILABILITY = YES_AGGRESSIVE;
				CLANG_WARN_UNREACHABLE_CODE = YES;
				CLANG_WARN__DUPLICATE_METHOD_MATCH = YES;
				COPY_PHASE_STRIP = NO;
				DEBUG_INFORMATION_FORMAT = "dwarf-with-dsym";
				ENABLE_NS_ASSERTIONS = NO;
				ENABLE_STRICT_OBJC_MSGSEND = YES;
				GCC_C_LANGUAGE_STANDARD = gnu11;
				GCC_NO_COMMON_BLOCKS = YES;
				GCC_WARN_64_TO_32_BIT_CONVERSION = YES;
				GCC_WARN_ABOUT_RETURN_TYPE = YES_ERROR;
				GCC_WARN_UNDECLARED_SELECTOR = YES;
				GCC_WARN_UNINITIALIZED_AUTOS = YES_AGGRESSIVE;
				GCC_WARN_UNUSED_FUNCTION = YES;
				GCC_WARN_UNUSED_VARIABLE = YES;
				MACOSX_DEPLOYMENT_TARGET = 13.2;
				MTL_ENABLE_DEBUG_INFO = NO;
				MTL_FAST_MATH = YES;
				SDKROOT = macosx;
				SWIFT_COMPILATION_MODE = wholemodule;
				SWIFT_OPTIMIZATION_LEVEL = "-O";
			};
			name = Release;
		};
		D8B46E532ABE89A6006A046B /* Debug */ = {
			isa = XCBuildConfiguration;
			buildSettings = {
				ASSETCATALOG_COMPILER_APPICON_NAME = AppIcon;
				ASSETCATALOG_COMPILER_GLOBAL_ACCENT_COLOR_NAME = AccentColor;
				CODE_SIGN_ENTITLEMENTS = amos/amos.entitlements;
				CODE_SIGN_STYLE = Automatic;
				COMBINE_HIDPI_IMAGES = YES;
				CURRENT_PROJECT_VERSION = 1;
				DEVELOPMENT_ASSET_PATHS = "\"amos/Preview Content\"";
				DEVELOPMENT_TEAM = KC4666MKQR;
				ENABLE_HARDENED_RUNTIME = YES;
				ENABLE_PREVIEWS = YES;
				GENERATE_INFOPLIST_FILE = YES;
				INFOPLIST_KEY_NSHumanReadableCopyright = "";
				LD_RUNPATH_SEARCH_PATHS = (
					"$(inherited)",
					"@executable_path/../Frameworks",
				);
				MARKETING_VERSION = 1.0;
				PRODUCT_BUNDLE_IDENTIFIER = amos.city.amos;
				PRODUCT_NAME = "$(TARGET_NAME)";
				SWIFT_EMIT_LOC_STRINGS = YES;
				SWIFT_VERSION = 5.0;
			};
			name = Debug;
		};
		D8B46E542ABE89A6006A046B /* Release */ = {
			isa = XCBuildConfiguration;
			buildSettings = {
				ASSETCATALOG_COMPILER_APPICON_NAME = AppIcon;
				ASSETCATALOG_COMPILER_GLOBAL_ACCENT_COLOR_NAME = AccentColor;
				CODE_SIGN_ENTITLEMENTS = amos/amos.entitlements;
				CODE_SIGN_STYLE = Automatic;
				COMBINE_HIDPI_IMAGES = YES;
				CURRENT_PROJECT_VERSION = 1;
				DEVELOPMENT_ASSET_PATHS = "\"amos/Preview Content\"";
				DEVELOPMENT_TEAM = KC4666MKQR;
				ENABLE_HARDENED_RUNTIME = YES;
				ENABLE_PREVIEWS = YES;
				GENERATE_INFOPLIST_FILE = YES;
				INFOPLIST_KEY_NSHumanReadableCopyright = "";
				LD_RUNPATH_SEARCH_PATHS = (
					"$(inherited)",
					"@executable_path/../Frameworks",
				);
				MARKETING_VERSION = 1.0;
				PRODUCT_BUNDLE_IDENTIFIER = amos.city.amos;
				PRODUCT_NAME = "$(TARGET_NAME)";
				SWIFT_EMIT_LOC_STRINGS = YES;
				SWIFT_VERSION = 5.0;
			};
			name = Release;
		};
		D8B46E562ABE89A6006A046B /* Debug */ = {
			isa = XCBuildConfiguration;
			buildSettings = {
				ALWAYS_EMBED_SWIFT_STANDARD_LIBRARIES = YES;
				BUNDLE_LOADER = "$(TEST_HOST)";
				CODE_SIGN_STYLE = Automatic;
				CURRENT_PROJECT_VERSION = 1;
				DEVELOPMENT_TEAM = KC4666MKQR;
				GENERATE_INFOPLIST_FILE = YES;
				MACOSX_DEPLOYMENT_TARGET = 13.2;
				MARKETING_VERSION = 1.0;
				PRODUCT_BUNDLE_IDENTIFIER = amos.city.amosTests;
				PRODUCT_NAME = "$(TARGET_NAME)";
				SWIFT_EMIT_LOC_STRINGS = NO;
				SWIFT_VERSION = 5.0;
				TEST_HOST = "$(BUILT_PRODUCTS_DIR)/amos.app/$(BUNDLE_EXECUTABLE_FOLDER_PATH)/amos";
			};
			name = Debug;
		};
		D8B46E572ABE89A6006A046B /* Release */ = {
			isa = XCBuildConfiguration;
			buildSettings = {
				ALWAYS_EMBED_SWIFT_STANDARD_LIBRARIES = YES;
				BUNDLE_LOADER = "$(TEST_HOST)";
				CODE_SIGN_STYLE = Automatic;
				CURRENT_PROJECT_VERSION = 1;
				DEVELOPMENT_TEAM = KC4666MKQR;
				GENERATE_INFOPLIST_FILE = YES;
				MACOSX_DEPLOYMENT_TARGET = 13.2;
				MARKETING_VERSION = 1.0;
				PRODUCT_BUNDLE_IDENTIFIER = amos.city.amosTests;
				PRODUCT_NAME = "$(TARGET_NAME)";
				SWIFT_EMIT_LOC_STRINGS = NO;
				SWIFT_VERSION = 5.0;
				TEST_HOST = "$(BUILT_PRODUCTS_DIR)/amos.app/$(BUNDLE_EXECUTABLE_FOLDER_PATH)/amos";
			};
			name = Release;
		};
		D8B46E592ABE89A6006A046B /* Debug */ = {
			isa = XCBuildConfiguration;
			buildSettings = {
				ALWAYS_EMBED_SWIFT_STANDARD_LIBRARIES = YES;
				CODE_SIGN_STYLE = Automatic;
				CURRENT_PROJECT_VERSION = 1;
				DEVELOPMENT_TEAM = KC4666MKQR;
				GENERATE_INFOPLIST_FILE = YES;
				MARKETING_VERSION = 1.0;
				PRODUCT_BUNDLE_IDENTIFIER = amos.city.amosUITests;
				PRODUCT_NAME = "$(TARGET_NAME)";
				SWIFT_EMIT_LOC_STRINGS = NO;
				SWIFT_VERSION = 5.0;
				TEST_TARGET_NAME = amos;
			};
			name = Debug;
		};
		D8B46E5A2ABE89A6006A046B /* Release */ = {
			isa = XCBuildConfiguration;
			buildSettings = {
				ALWAYS_EMBED_SWIFT_STANDARD_LIBRARIES = YES;
				CODE_SIGN_STYLE = Automatic;
				CURRENT_PROJECT_VERSION = 1;
				DEVELOPMENT_TEAM = KC4666MKQR;
				GENERATE_INFOPLIST_FILE = YES;
				MARKETING_VERSION = 1.0;
				PRODUCT_BUNDLE_IDENTIFIER = amos.city.amosUITests;
				PRODUCT_NAME = "$(TARGET_NAME)";
				SWIFT_EMIT_LOC_STRINGS = NO;
				SWIFT_VERSION = 5.0;
				TEST_TARGET_NAME = amos;
			};
			name = Release;
		};
/* End XCBuildConfiguration section */

/* Begin XCConfigurationList section */
		D8B46E282ABE89A5006A046B /* Build configuration list for PBXProject "amos" */ = {
			isa = XCConfigurationList;
			buildConfigurations = (
				D8B46E502ABE89A6006A046B /* Debug */,
				D8B46E512ABE89A6006A046B /* Release */,
			);
			defaultConfigurationIsVisible = 0;
			defaultConfigurationName = Release;
		};
		D8B46E522ABE89A6006A046B /* Build configuration list for PBXNativeTarget "amos" */ = {
			isa = XCConfigurationList;
			buildConfigurations = (
				D8B46E532ABE89A6006A046B /* Debug */,
				D8B46E542ABE89A6006A046B /* Release */,
			);
			defaultConfigurationIsVisible = 0;
			defaultConfigurationName = Release;
		};
		D8B46E552ABE89A6006A046B /* Build configuration list for PBXNativeTarget "amosTests" */ = {
			isa = XCConfigurationList;
			buildConfigurations = (
				D8B46E562ABE89A6006A046B /* Debug */,
				D8B46E572ABE89A6006A046B /* Release */,
			);
			defaultConfigurationIsVisible = 0;
			defaultConfigurationName = Release;
		};
		D8B46E582ABE89A6006A046B /* Build configuration list for PBXNativeTarget "amosUITests" */ = {
			isa = XCConfigurationList;
			buildConfigurations = (
				D8B46E592ABE89A6006A046B /* Debug */,
				D8B46E5A2ABE89A6006A046B /* Release */,
			);
			defaultConfigurationIsVisible = 0;
			defaultConfigurationName = Release;
		};
/* End XCConfigurationList section */
	};
	rootObject = D8B46E252ABE89A5006A046B /* Project object */;
}
